<?xml version="1.0" encoding="utf-8"?>
<Project ToolsVersion="15.0" xmlns="http://schemas.microsoft.com/developer/msbuild/2003">
  <ItemGroup>
    <ClCompile Include="E:\Uni\Diss\nodeEd Cmake\imgui-node-editor-master\Generator\Common\Shared\Source\Builders.cpp">
      <Filter>Source</Filter>
    </ClCompile>
    <ClCompile Include="E:\Uni\Diss\nodeEd Cmake\imgui-node-editor-master\Generator\Common\Shared\Source\Drawing.cpp">
      <Filter>Source</Filter>
    </ClCompile>
    <ClCompile Include="E:\Uni\Diss\nodeEd Cmake\imgui-node-editor-master\Generator\Common\Shared\Source\Widgets.cpp">
      <Filter>Source</Filter>
    </ClCompile>
  </ItemGroup>
  <ItemGroup>
    <ClInclude Include="E:\Uni\Diss\nodeEd Cmake\imgui-node-editor-master\Generator\Common\Shared\Include\Builders.h">
      <Filter>Include</Filter>
    </ClInclude>
    <ClInclude Include="E:\Uni\Diss\nodeEd Cmake\imgui-node-editor-master\Generator\Common\Shared\Include\Drawing.h">
      <Filter>Include</Filter>
    </ClInclude>
    <ClInclude Include="E:\Uni\Diss\nodeEd Cmake\imgui-node-editor-master\Generator\Common\Shared\Include\Widgets.h">
      <Filter>Include</Filter>
    </ClInclude>
    <ClInclude Include="E:\Uni\Diss\nodeEd Cmake\imgui-node-editor-master\Generator\Common\Shared\Include\ScopeGuard.h">
      <Filter>Include</Filter>
    </ClInclude>
    <ClInclude Include="E:\Uni\Diss\nodeEd Cmake\imgui-node-editor-master\NodeEditor\Source\Shared\Interop.h">
      <Filter>Shared</Filter>
    </ClInclude>
    <ClInclude Include="E:\Uni\Diss\nodeEd Cmake\imgui-node-editor-master\NodeEditor\Source\Shared\Math2D.h">
      <Filter>Shared</Filter>
    </ClInclude>
    <ClInclude Include="E:\Uni\Diss\nodeEd Cmake\imgui-node-editor-master\NodeEditor\Source\Shared\Math2D.inl">
      <Filter>Shared</Filter>
    </ClInclude>
  </ItemGroup>
  <ItemGroup>
    <CustomBuild Include="E:\Uni\Diss\nodeEd Cmake\imgui-node-editor-master\Generator\Common\Shared\CMakeLists.txt" />
  </ItemGroup>
  <ItemGroup>
    <Filter Include="Include">
      <UniqueIdentifier>{B9F28D15-07F7-3AC9-9D56-355F002A8AF1}</UniqueIdentifier>
    </Filter>
    <Filter Include="Shared">
      <UniqueIdentifier>{C014D07E-5FEC-3D26-A3E7-742AF689BE23}</UniqueIdentifier>
    </Filter>
    <Filter Include="Source">
      <UniqueIdentifier>{52901166-6721-3327-A454-D7C4BC9439AF}</UniqueIdentifier>
    </Filter>
  </ItemGroup>
</Project>
